# This file is automatically @generated by Cargo.
# It is not intended for manual editing.
version = 3

[[package]]
name = "ca_ast"
version = "0.1.0"

[[package]]
name = "ca_lexer"
version = "0.1.0"

[[package]]
name = "ca_parser_bison"
version = "0.37.0"
dependencies = [
 "ca_lexer",
]

[[package]]
name = "calcium"
version = "0.1.0"
dependencies = [
 "ca_ast",
 "ca_parser_bison",
]
