# This file is automatically @generated by Cargo.
# It is not intended for manual editing.
version = 3

[[package]]
name = "ca_ast"
version = "0.1.0"

[[package]]
name = "ca_parser_bison"
version = "0.37.0"
dependencies = [
 "peekmore",
 "prev-iter",
]

[[package]]
name = "calcium"
version = "0.1.0"
dependencies = [
 "ca_ast",
 "ca_parser_bison",
]

[[package]]
name = "peekmore"
version = "1.0.0"
source = "registry+https://github.com/rust-lang/crates.io-index"
checksum = "ca84ba11ed2de09f9a946e35be5efe5382bdd0621780b46ea8e24a7797b5be88"

[[package]]
name = "prev-iter"
version = "0.1.2"
